
Microsoft Visual Studio Solution File, Format Version 12.00
# Visual Studio 15
VisualStudioVersion = 15.0.27130.2010
MinimumVisualStudioVersion = 10.0.40219.1
Project("{FAE04EC0-301F-11D3-BF4B-00C04F79EFBC}") = "RFLink-Net", "RFLink-NET\RFLink-Net.csproj", "{3F84AD38-6FD7-4931-AF10-7AA551F59B29}"
EndProject
Project("{FAE04EC0-301F-11D3-BF4B-00C04F79EFBC}") = "RFLink-Net.Forms", "RFLink-NET.Forms\RFLink-Net.Forms.csproj", "{26A7CFBE-3722-4A4A-B24B-660FFC4BA968}"
EndProject
Global
	GlobalSection(SolutionConfigurationPlatforms) = preSolution
		Debug|Any CPU = Debug|Any CPU
		Release|Any CPU = Release|Any CPU
	EndGlobalSection
	GlobalSection(ProjectConfigurationPlatforms) = postSolution
		{3F84AD38-6FD7-4931-AF10-7AA551F59B29}.Debug|Any CPU.ActiveCfg = Debug|Any CPU
		{3F84AD38-6FD7-4931-AF10-7AA551F59B29}.Debug|Any CPU.Build.0 = Debug|Any CPU
		{3F84AD38-6FD7-4931-AF10-7AA551F59B29}.Release|Any CPU.ActiveCfg = Release|Any CPU
		{3F84AD38-6FD7-4931-AF10-7AA551F59B29}.Release|Any CPU.Build.0 = Release|Any CPU
		{26A7CFBE-3722-4A4A-B24B-660FFC4BA968}.Debug|Any CPU.ActiveCfg = Debug|Any CPU
		{26A7CFBE-3722-4A4A-B24B-660FFC4BA968}.Debug|Any CPU.Build.0 = Debug|Any CPU
		{26A7CFBE-3722-4A4A-B24B-660FFC4BA968}.Release|Any CPU.ActiveCfg = Release|Any CPU
		{26A7CFBE-3722-4A4A-B24B-660FFC4BA968}.Release|Any CPU.Build.0 = Release|Any CPU
	EndGlobalSection
	GlobalSection(SolutionProperties) = preSolution
		HideSolutionNode = FALSE
	EndGlobalSection
	GlobalSection(ExtensibilityGlobals) = postSolution
		SolutionGuid = {8D1702C9-5AFE-401A-BFAD-116A34DD97EA}
	EndGlobalSection
EndGlobal
